Microsoft Visual Studio Solution File, Format Version 12.00
# Visual Studio Version 17
VisualStudioVersion = 17.5.2.0
MinimumVisualStudioVersion = 10.0.40219.1
Project("{FAE04EC0-301F-11D3-BF4B-00C04F79EFBC}") = "Tests", "Tests\Tests.csproj", "{9CF47860-2CEA-F379-09D8-9AEF27965D12}"
EndProject
Project("{FAE04EC0-301F-11D3-BF4B-00C04F79EFBC}") = "Zork1", "Zork1\Zork1.csproj", "{EF33046B-FB48-DE49-8523-C369BE600D7F}"
EndProject
Project("{2150E333-8FDC-42A3-9474-1A3956D46DE8}") = "Assets", "Assets", "{02EA681E-C7D8-13C7-8484-4AC65E1B71E8}"
	ProjectSection(SolutionItems) = preProject
		assets\end.png = assets\end.png
		README.md = README.md
		assets\start.png = assets\start.png
		assets\zork1-r119.inf = assets\zork1-r119.inf
	EndProjectSection
EndProject
Project("{FAE04EC0-301F-11D3-BF4B-00C04F79EFBC}") = "Zork", "Zork\Zork.csproj", "{FC3E2F64-ADC8-4AC4-9241-E7477A6A3C60}"
EndProject
Global
	GlobalSection(SolutionConfigurationPlatforms) = preSolution
		Debug|Any CPU = Debug|Any CPU
		Release|Any CPU = Release|Any CPU
	EndGlobalSection
	GlobalSection(ProjectConfigurationPlatforms) = postSolution
		{9CF47860-2CEA-F379-09D8-9AEF27965D12}.Debug|Any CPU.ActiveCfg = Debug|Any CPU
		{9CF47860-2CEA-F379-09D8-9AEF27965D12}.Debug|Any CPU.Build.0 = Debug|Any CPU
		{9CF47860-2CEA-F379-09D8-9AEF27965D12}.Release|Any CPU.ActiveCfg = Release|Any CPU
		{9CF47860-2CEA-F379-09D8-9AEF27965D12}.Release|Any CPU.Build.0 = Release|Any CPU
		{EF33046B-FB48-DE49-8523-C369BE600D7F}.Debug|Any CPU.ActiveCfg = Debug|Any CPU
		{EF33046B-FB48-DE49-8523-C369BE600D7F}.Debug|Any CPU.Build.0 = Debug|Any CPU
		{EF33046B-FB48-DE49-8523-C369BE600D7F}.Release|Any CPU.ActiveCfg = Release|Any CPU
		{EF33046B-FB48-DE49-8523-C369BE600D7F}.Release|Any CPU.Build.0 = Release|Any CPU
		{FC3E2F64-ADC8-4AC4-9241-E7477A6A3C60}.Debug|Any CPU.ActiveCfg = Debug|Any CPU
		{FC3E2F64-ADC8-4AC4-9241-E7477A6A3C60}.Debug|Any CPU.Build.0 = Debug|Any CPU
		{FC3E2F64-ADC8-4AC4-9241-E7477A6A3C60}.Release|Any CPU.ActiveCfg = Release|Any CPU
		{FC3E2F64-ADC8-4AC4-9241-E7477A6A3C60}.Release|Any CPU.Build.0 = Release|Any CPU
	EndGlobalSection
	GlobalSection(SolutionProperties) = preSolution
		HideSolutionNode = FALSE
	EndGlobalSection
	GlobalSection(ExtensibilityGlobals) = postSolution
		SolutionGuid = {2CEE91E1-9677-4C30-8094-C8E72C4F0FBB}
	EndGlobalSection
EndGlobal
